Microsoft Visual Studio Solution File, Format Version 12.00
# Visual Studio Version 17
VisualStudioVersion = 17.5.2.0
MinimumVisualStudioVersion = 10.0.40219.1
Project("{FAE04EC0-301F-11D3-BF4B-00C04F79EFBC}") = "FilmDB.BLAZOR", "FilmDB.BLAZOR.csproj", "{DB0B7DE1-E5C3-9B02-9A3D-AE48B2991780}"
EndProject
Global
	GlobalSection(SolutionConfigurationPlatforms) = preSolution
		Debug|Any CPU = Debug|Any CPU
		Release|Any CPU = Release|Any CPU
	EndGlobalSection
	GlobalSection(ProjectConfigurationPlatforms) = postSolution
		{DB0B7DE1-E5C3-9B02-9A3D-AE48B2991780}.Debug|Any CPU.ActiveCfg = Debug|Any CPU
		{DB0B7DE1-E5C3-9B02-9A3D-AE48B2991780}.Debug|Any CPU.Build.0 = Debug|Any CPU
		{DB0B7DE1-E5C3-9B02-9A3D-AE48B2991780}.Release|Any CPU.ActiveCfg = Release|Any CPU
		{DB0B7DE1-E5C3-9B02-9A3D-AE48B2991780}.Release|Any CPU.Build.0 = Release|Any CPU
	EndGlobalSection
	GlobalSection(SolutionProperties) = preSolution
		HideSolutionNode = FALSE
	EndGlobalSection
	GlobalSection(ExtensibilityGlobals) = postSolution
		SolutionGuid = {D548D1F9-4C6C-4B85-9135-1120DE338AC8}
	EndGlobalSection
EndGlobal
